// !$*UTF8*$!
{
	archiveVersion = 1;
	classes = {
	};
	objectVersion = 52;
	objects = {

/* Begin PBXBuildFile section */
		2A19F19C254743C400261E04 /* RouteMapTestApp.swift in Sources */ = {isa = PBXBuildFile; fileRef = 2A19F19B254743C400261E04 /* RouteMapTestApp.swift */; };
		2A19F19E254743C400261E04 /* ContentView.swift in Sources */ = {isa = PBXBuildFile; fileRef = 2A19F19D254743C400261E04 /* ContentView.swift */; };
		2A19F1A0254743C500261E04 /* Assets.xcassets in Resources */ = {isa = PBXBuildFile; fileRef = 2A19F19F254743C500261E04 /* Assets.xcassets */; };
		2A19F1A3254743C500261E04 /* Preview Assets.xcassets in Resources */ = {isa = PBXBuildFile; fileRef = 2A19F1A2254743C500261E04 /* Preview Assets.xcassets */; };
		2A19F1AE254743C600261E04 /* RouteMapTestTests.swift in Sources */ = {isa = PBXBuildFile; fileRef = 2A19F1AD254743C600261E04 /* RouteMapTestTests.swift */; };
		2A19F1B9254743C600261E04 /* RouteMapTestUITests.swift in Sources */ = {isa = PBXBuildFile; fileRef = 2A19F1B8254743C600261E04 /* RouteMapTestUITests.swift */; };
		2A19F1CB2547442600261E04 /* route-map-data.json in Resources */ = {isa = PBXBuildFile; fileRef = 2A19F1CA2547442600261E04 /* route-map-data.json */; };
		2A19F1D32547444400261E04 /* station-data.json in Resources */ = {isa = PBXBuildFile; fileRef = 2A19F1D22547444400261E04 /* station-data.json */; };
		2A19F1D9254744C300261E04 /* MapViewUI.swift in Sources */ = {isa = PBXBuildFile; fileRef = 2A19F1D8254744C300261E04 /* MapViewUI.swift */; };
		2A19F1E22547492600261E04 /* SwiftyJSON in Frameworks */ = {isa = PBXBuildFile; productRef = 2A19F1E12547492600261E04 /* SwiftyJSON */; };
		2A19F1ED2547643F00261E04 /* Color+Hex.swift in Sources */ = {isa = PBXBuildFile; fileRef = 2A19F1EC2547643F00261E04 /* Color+Hex.swift */; };
/* End PBXBuildFile section */

/* Begin PBXContainerItemProxy section */
		2A19F1AA254743C500261E04 /* PBXContainerItemProxy */ = {
			isa = PBXContainerItemProxy;
			containerPortal = 2A19F190254743C400261E04 /* Project object */;
			proxyType = 1;
			remoteGlobalIDString = 2A19F197254743C400261E04;
			remoteInfo = RouteMapTest;
		};
		2A19F1B5254743C600261E04 /* PBXContainerItemProxy */ = {
			isa = PBXContainerItemProxy;
			containerPortal = 2A19F190254743C400261E04 /* Project object */;
			proxyType = 1;
			remoteGlobalIDString = 2A19F197254743C400261E04;
			remoteInfo = RouteMapTest;
		};
/* End PBXContainerItemProxy section */

/* Begin PBXFileReference section */
		2A19F198254743C400261E04 /* RouteMapTest.app */ = {isa = PBXFileReference; explicitFileType = wrapper.application; includeInIndex = 0; path = RouteMapTest.app; sourceTree = BUILT_PRODUCTS_DIR; };
		2A19F19B254743C400261E04 /* RouteMapTestApp.swift */ = {isa = PBXFileReference; lastKnownFileType = sourcecode.swift; path = RouteMapTestApp.swift; sourceTree = "<group>"; };
		2A19F19D254743C400261E04 /* ContentView.swift */ = {isa = PBXFileReference; lastKnownFileType = sourcecode.swift; path = ContentView.swift; sourceTree = "<group>"; };
		2A19F19F254743C500261E04 /* Assets.xcassets */ = {isa = PBXFileReference; lastKnownFileType = folder.assetcatalog; path = Assets.xcassets; sourceTree = "<group>"; };
		2A19F1A2254743C500261E04 /* Preview Assets.xcassets */ = {isa = PBXFileReference; lastKnownFileType = folder.assetcatalog; path = "Preview Assets.xcassets"; sourceTree = "<group>"; };
		2A19F1A4254743C500261E04 /* Info.plist */ = {isa = PBXFileReference; lastKnownFileType = text.plist.xml; path = Info.plist; sourceTree = "<group>"; };
		2A19F1A9254743C500261E04 /* RouteMapTestTests.xctest */ = {isa = PBXFileReference; explicitFileType = wrapper.cfbundle; includeInIndex = 0; path = RouteMapTestTests.xctest; sourceTree = BUILT_PRODUCTS_DIR; };
		2A19F1AD254743C600261E04 /* RouteMapTestTests.swift */ = {isa = PBXFileReference; lastKnownFileType = sourcecode.swift; path = RouteMapTestTests.swift; sourceTree = "<group>"; };
		2A19F1AF254743C600261E04 /* Info.plist */ = {isa = PBXFileReference; lastKnownFileType = text.plist.xml; path = Info.plist; sourceTree = "<group>"; };
		2A19F1B4254743C600261E04 /* RouteMapTestUITests.xctest */ = {isa = PBXFileReference; explicitFileType = wrapper.cfbundle; includeInIndex = 0; path = RouteMapTestUITests.xctest; sourceTree = BUILT_PRODUCTS_DIR; };
		2A19F1B8254743C600261E04 /* RouteMapTestUITests.swift */ = {isa = PBXFileReference; lastKnownFileType = sourcecode.swift; path = RouteMapTestUITests.swift; sourceTree = "<group>"; };
		2A19F1BA254743C600261E04 /* Info.plist */ = {isa = PBXFileReference; lastKnownFileType = text.plist.xml; path = Info.plist; sourceTree = "<group>"; };
		2A19F1CA2547442600261E04 /* route-map-data.json */ = {isa = PBXFileReference; lastKnownFileType = text.json; path = "route-map-data.json"; sourceTree = "<group>"; };
		2A19F1D22547444400261E04 /* station-data.json */ = {isa = PBXFileReference; lastKnownFileType = text.json; path = "station-data.json"; sourceTree = "<group>"; };
		2A19F1D8254744C300261E04 /* MapViewUI.swift */ = {isa = PBXFileReference; lastKnownFileType = sourcecode.swift; path = MapViewUI.swift; sourceTree = "<group>"; };
		2A19F1EC2547643F00261E04 /* Color+Hex.swift */ = {isa = PBXFileReference; lastKnownFileType = sourcecode.swift; path = "Color+Hex.swift"; sourceTree = "<group>"; };
/* End PBXFileReference section */

/* Begin PBXFrameworksBuildPhase section */
		2A19F195254743C400261E04 /* Frameworks */ = {
			isa = PBXFrameworksBuildPhase;
			buildActionMask = 2147483647;
			files = (
				2A19F1E22547492600261E04 /* SwiftyJSON in Frameworks */,
			);
			runOnlyForDeploymentPostprocessing = 0;
		};
		2A19F1A6254743C500261E04 /* Frameworks */ = {
			isa = PBXFrameworksBuildPhase;
			buildActionMask = 2147483647;
			files = (
			);
			runOnlyForDeploymentPostprocessing = 0;
		};
		2A19F1B1254743C600261E04 /* Frameworks */ = {
			isa = PBXFrameworksBuildPhase;
			buildActionMask = 2147483647;
			files = (
			);
			runOnlyForDeploymentPostprocessing = 0;
		};
/* End PBXFrameworksBuildPhase section */

/* Begin PBXGroup section */
		2A19F18F254743C400261E04 = {
			isa = PBXGroup;
			children = (
				2A19F19A254743C400261E04 /* RouteMapTest */,
				2A19F1AC254743C500261E04 /* RouteMapTestTests */,
				2A19F1B7254743C600261E04 /* RouteMapTestUITests */,
				2A19F199254743C400261E04 /* Products */,
			);
			sourceTree = "<group>";
		};
		2A19F199254743C400261E04 /* Products */ = {
			isa = PBXGroup;
			children = (
				2A19F198254743C400261E04 /* RouteMapTest.app */,
				2A19F1A9254743C500261E04 /* RouteMapTestTests.xctest */,
				2A19F1B4254743C600261E04 /* RouteMapTestUITests.xctest */,
			);
			name = Products;
			sourceTree = "<group>";
		};
		2A19F19A254743C400261E04 /* RouteMapTest */ = {
			isa = PBXGroup;
			children = (
				2A19F1EB2547642B00261E04 /* Extensions */,
				2A19F1D7254744AE00261E04 /* Views */,
				2A19F19B254743C400261E04 /* RouteMapTestApp.swift */,
				2A19F19D254743C400261E04 /* ContentView.swift */,
				2A19F1C9254743E600261E04 /* Test Data */,
				2A19F19F254743C500261E04 /* Assets.xcassets */,
				2A19F1A4254743C500261E04 /* Info.plist */,
				2A19F1A1254743C500261E04 /* Preview Content */,
			);
			path = RouteMapTest;
			sourceTree = "<group>";
		};
		2A19F1A1254743C500261E04 /* Preview Content */ = {
			isa = PBXGroup;
			children = (
				2A19F1A2254743C500261E04 /* Preview Assets.xcassets */,
			);
			path = "Preview Content";
			sourceTree = "<group>";
		};
		2A19F1AC254743C500261E04 /* RouteMapTestTests */ = {
			isa = PBXGroup;
			children = (
				2A19F1AD254743C600261E04 /* RouteMapTestTests.swift */,
				2A19F1AF254743C600261E04 /* Info.plist */,
			);
			path = RouteMapTestTests;
			sourceTree = "<group>";
		};
		2A19F1B7254743C600261E04 /* RouteMapTestUITests */ = {
			isa = PBXGroup;
			children = (
				2A19F1B8254743C600261E04 /* RouteMapTestUITests.swift */,
				2A19F1BA254743C600261E04 /* Info.plist */,
			);
			path = RouteMapTestUITests;
			sourceTree = "<group>";
		};
		2A19F1C9254743E600261E04 /* Test Data */ = {
			isa = PBXGroup;
			children = (
				2A19F1CA2547442600261E04 /* route-map-data.json */,
				2A19F1D22547444400261E04 /* station-data.json */,
			);
			path = "Test Data";
			sourceTree = "<group>";
		};
		2A19F1D7254744AE00261E04 /* Views */ = {
			isa = PBXGroup;
			children = (
				2A19F1D8254744C300261E04 /* MapViewUI.swift */,
			);
			path = Views;
			sourceTree = "<group>";
		};
		2A19F1EB2547642B00261E04 /* Extensions */ = {
			isa = PBXGroup;
			children = (
				2A19F1EC2547643F00261E04 /* Color+Hex.swift */,
			);
			path = Extensions;
			sourceTree = "<group>";
		};
/* End PBXGroup section */

/* Begin PBXNativeTarget section */
		2A19F197254743C400261E04 /* RouteMapTest */ = {
			isa = PBXNativeTarget;
			buildConfigurationList = 2A19F1BD254743C600261E04 /* Build configuration list for PBXNativeTarget "RouteMapTest" */;
			buildPhases = (
				2A19F194254743C400261E04 /* Sources */,
				2A19F195254743C400261E04 /* Frameworks */,
				2A19F196254743C400261E04 /* Resources */,
			);
			buildRules = (
			);
			dependencies = (
			);
			name = RouteMapTest;
			packageProductDependencies = (
				2A19F1E12547492600261E04 /* SwiftyJSON */,
			);
			productName = RouteMapTest;
			productReference = 2A19F198254743C400261E04 /* RouteMapTest.app */;
			productType = "com.apple.product-type.application";
		};
		2A19F1A8254743C500261E04 /* RouteMapTestTests */ = {
			isa = PBXNativeTarget;
			buildConfigurationList = 2A19F1C0254743C600261E04 /* Build configuration list for PBXNativeTarget "RouteMapTestTests" */;
			buildPhases = (
				2A19F1A5254743C500261E04 /* Sources */,
				2A19F1A6254743C500261E04 /* Frameworks */,
				2A19F1A7254743C500261E04 /* Resources */,
			);
			buildRules = (
			);
			dependencies = (
				2A19F1AB254743C500261E04 /* PBXTargetDependency */,
			);
			name = RouteMapTestTests;
			productName = RouteMapTestTests;
			productReference = 2A19F1A9254743C500261E04 /* RouteMapTestTests.xctest */;
			productType = "com.apple.product-type.bundle.unit-test";
		};
		2A19F1B3254743C600261E04 /* RouteMapTestUITests */ = {
			isa = PBXNativeTarget;
			buildConfigurationList = 2A19F1C3254743C600261E04 /* Build configuration list for PBXNativeTarget "RouteMapTestUITests" */;
			buildPhases = (
				2A19F1B0254743C600261E04 /* Sources */,
				2A19F1B1254743C600261E04 /* Frameworks */,
				2A19F1B2254743C600261E04 /* Resources */,
			);
			buildRules = (
			);
			dependencies = (
				2A19F1B6254743C600261E04 /* PBXTargetDependency */,
			);
			name = RouteMapTestUITests;
			productName = RouteMapTestUITests;
			productReference = 2A19F1B4254743C600261E04 /* RouteMapTestUITests.xctest */;
			productType = "com.apple.product-type.bundle.ui-testing";
		};
/* End PBXNativeTarget section */

/* Begin PBXProject section */
		2A19F190254743C400261E04 /* Project object */ = {
			isa = PBXProject;
			attributes = {
				LastSwiftUpdateCheck = 1210;
				LastUpgradeCheck = 1210;
				TargetAttributes = {
					2A19F197254743C400261E04 = {
						CreatedOnToolsVersion = 12.1;
					};
					2A19F1A8254743C500261E04 = {
						CreatedOnToolsVersion = 12.1;
						TestTargetID = 2A19F197254743C400261E04;
					};
					2A19F1B3254743C600261E04 = {
						CreatedOnToolsVersion = 12.1;
						TestTargetID = 2A19F197254743C400261E04;
					};
				};
			};
			buildConfigurationList = 2A19F193254743C400261E04 /* Build configuration list for PBXProject "RouteMapTest" */;
			compatibilityVersion = "Xcode 9.3";
			developmentRegion = en;
			hasScannedForEncodings = 0;
			knownRegions = (
				en,
				Base,
			);
			mainGroup = 2A19F18F254743C400261E04;
			packageReferences = (
				2A19F1E02547492600261E04 /* XCRemoteSwiftPackageReference "SwiftyJSON" */,
			);
			productRefGroup = 2A19F199254743C400261E04 /* Products */;
			projectDirPath = "";
			projectRoot = "";
			targets = (
				2A19F197254743C400261E04 /* RouteMapTest */,
				2A19F1A8254743C500261E04 /* RouteMapTestTests */,
				2A19F1B3254743C600261E04 /* RouteMapTestUITests */,
			);
		};
/* End PBXProject section */

/* Begin PBXResourcesBuildPhase section */
		2A19F196254743C400261E04 /* Resources */ = {
			isa = PBXResourcesBuildPhase;
			buildActionMask = 2147483647;
			files = (
				2A19F1A3254743C500261E04 /* Preview Assets.xcassets in Resources */,
				2A19F1CB2547442600261E04 /* route-map-data.json in Resources */,
				2A19F1D32547444400261E04 /* station-data.json in Resources */,
				2A19F1A0254743C500261E04 /* Assets.xcassets in Resources */,
			);
			runOnlyForDeploymentPostprocessing = 0;
		};
		2A19F1A7254743C500261E04 /* Resources */ = {
			isa = PBXResourcesBuildPhase;
			buildActionMask = 2147483647;
			files = (
			);
			runOnlyForDeploymentPostprocessing = 0;
		};
		2A19F1B2254743C600261E04 /* Resources */ = {
			isa = PBXResourcesBuildPhase;
			buildActionMask = 2147483647;
			files = (
			);
			runOnlyForDeploymentPostprocessing = 0;
		};
/* End PBXResourcesBuildPhase section */

/* Begin PBXSourcesBuildPhase section */
		2A19F194254743C400261E04 /* Sources */ = {
			isa = PBXSourcesBuildPhase;
			buildActionMask = 2147483647;
			files = (
				2A19F1D9254744C300261E04 /* MapViewUI.swift in Sources */,
				2A19F1ED2547643F00261E04 /* Color+Hex.swift in Sources */,
				2A19F19E254743C400261E04 /* ContentView.swift in Sources */,
				2A19F19C254743C400261E04 /* RouteMapTestApp.swift in Sources */,
			);
			runOnlyForDeploymentPostprocessing = 0;
		};
		2A19F1A5254743C500261E04 /* Sources */ = {
			isa = PBXSourcesBuildPhase;
			buildActionMask = 2147483647;
			files = (
				2A19F1AE254743C600261E04 /* RouteMapTestTests.swift in Sources */,
			);
			runOnlyForDeploymentPostprocessing = 0;
		};
		2A19F1B0254743C600261E04 /* Sources */ = {
			isa = PBXSourcesBuildPhase;
			buildActionMask = 2147483647;
			files = (
				2A19F1B9254743C600261E04 /* RouteMapTestUITests.swift in Sources */,
			);
			runOnlyForDeploymentPostprocessing = 0;
		};
/* End PBXSourcesBuildPhase section */

/* Begin PBXTargetDependency section */
		2A19F1AB254743C500261E04 /* PBXTargetDependency */ = {
			isa = PBXTargetDependency;
			target = 2A19F197254743C400261E04 /* RouteMapTest */;
			targetProxy = 2A19F1AA254743C500261E04 /* PBXContainerItemProxy */;
		};
		2A19F1B6254743C600261E04 /* PBXTargetDependency */ = {
			isa = PBXTargetDependency;
			target = 2A19F197254743C400261E04 /* RouteMapTest */;
			targetProxy = 2A19F1B5254743C600261E04 /* PBXContainerItemProxy */;
		};
/* End PBXTargetDependency section */

/* Begin XCBuildConfiguration section */
		2A19F1BB254743C600261E04 /* Debug */ = {
			isa = XCBuildConfiguration;
			buildSettings = {
				ALWAYS_SEARCH_USER_PATHS = NO;
				CLANG_ANALYZER_NONNULL = YES;
				CLANG_ANALYZER_NUMBER_OBJECT_CONVERSION = YES_AGGRESSIVE;
				CLANG_CXX_LANGUAGE_STANDARD = "gnu++14";
				CLANG_CXX_LIBRARY = "libc++";
				CLANG_ENABLE_MODULES = YES;
				CLANG_ENABLE_OBJC_ARC = YES;
				CLANG_ENABLE_OBJC_WEAK = YES;
				CLANG_WARN_BLOCK_CAPTURE_AUTORELEASING = YES;
				CLANG_WARN_BOOL_CONVERSION = YES;
				CLANG_WARN_COMMA = YES;
				CLANG_WARN_CONSTANT_CONVERSION = YES;
				CLANG_WARN_DEPRECATED_OBJC_IMPLEMENTATIONS = YES;
				CLANG_WARN_DIRECT_OBJC_ISA_USAGE = YES_ERROR;
				CLANG_WARN_DOCUMENTATION_COMMENTS = YES;
				CLANG_WARN_EMPTY_BODY = YES;
				CLANG_WARN_ENUM_CONVERSION = YES;
				CLANG_WARN_INFINITE_RECURSION = YES;
				CLANG_WARN_INT_CONVERSION = YES;
				CLANG_WARN_NON_LITERAL_NULL_CONVERSION = YES;
				CLANG_WARN_OBJC_IMPLICIT_RETAIN_SELF = YES;
				CLANG_WARN_OBJC_LITERAL_CONVERSION = YES;
				CLANG_WARN_OBJC_ROOT_CLASS = YES_ERROR;
				CLANG_WARN_QUOTED_INCLUDE_IN_FRAMEWORK_HEADER = YES;
				CLANG_WARN_RANGE_LOOP_ANALYSIS = YES;
				CLANG_WARN_STRICT_PROTOTYPES = YES;
				CLANG_WARN_SUSPICIOUS_MOVE = YES;
				CLANG_WARN_UNGUARDED_AVAILABILITY = YES_AGGRESSIVE;
				CLANG_WARN_UNREACHABLE_CODE = YES;
				CLANG_WARN__DUPLICATE_METHOD_MATCH = YES;
				COPY_PHASE_STRIP = NO;
				DEBUG_INFORMATION_FORMAT = dwarf;
				ENABLE_STRICT_OBJC_MSGSEND = YES;
				ENABLE_TESTABILITY = YES;
				GCC_C_LANGUAGE_STANDARD = gnu11;
				GCC_DYNAMIC_NO_PIC = NO;
				GCC_NO_COMMON_BLOCKS = YES;
				GCC_OPTIMIZATION_LEVEL = 0;
				GCC_PREPROCESSOR_DEFINITIONS = (
					"DEBUG=1",
					"$(inherited)",
				);
				GCC_WARN_64_TO_32_BIT_CONVERSION = YES;
				GCC_WARN_ABOUT_RETURN_TYPE = YES_ERROR;
				GCC_WARN_UNDECLARED_SELECTOR = YES;
				GCC_WARN_UNINITIALIZED_AUTOS = YES_AGGRESSIVE;
				GCC_WARN_UNUSED_FUNCTION = YES;
				GCC_WARN_UNUSED_VARIABLE = YES;
				IPHONEOS_DEPLOYMENT_TARGET = 14.1;
				MTL_ENABLE_DEBUG_INFO = INCLUDE_SOURCE;
				MTL_FAST_MATH = YES;
				ONLY_ACTIVE_ARCH = YES;
				SDKROOT = iphoneos;
				SWIFT_ACTIVE_COMPILATION_CONDITIONS = DEBUG;
				SWIFT_OPTIMIZATION_LEVEL = "-Onone";
			};
			name = Debug;
		};
		2A19F1BC254743C600261E04 /* Release */ = {
			isa = XCBuildConfiguration;
			buildSettings = {
				ALWAYS_SEARCH_USER_PATHS = NO;
				CLANG_ANALYZER_NONNULL = YES;
				CLANG_ANALYZER_NUMBER_OBJECT_CONVERSION = YES_AGGRESSIVE;
				CLANG_CXX_LANGUAGE_STANDARD = "gnu++14";
				CLANG_CXX_LIBRARY = "libc++";
				CLANG_ENABLE_MODULES = YES;
				CLANG_ENABLE_OBJC_ARC = YES;
				CLANG_ENABLE_OBJC_WEAK = YES;
				CLANG_WARN_BLOCK_CAPTURE_AUTORELEASING = YES;
				CLANG_WARN_BOOL_CONVERSION = YES;
				CLANG_WARN_COMMA = YES;
				CLANG_WARN_CONSTANT_CONVERSION = YES;
				CLANG_WARN_DEPRECATED_OBJC_IMPLEMENTATIONS = YES;
				CLANG_WARN_DIRECT_OBJC_ISA_USAGE = YES_ERROR;
				CLANG_WARN_DOCUMENTATION_COMMENTS = YES;
				CLANG_WARN_EMPTY_BODY = YES;
				CLANG_WARN_ENUM_CONVERSION = YES;
				CLANG_WARN_INFINITE_RECURSION = YES;
				CLANG_WARN_INT_CONVERSION = YES;
				CLANG_WARN_NON_LITERAL_NULL_CONVERSION = YES;
				CLANG_WARN_OBJC_IMPLICIT_RETAIN_SELF = YES;
				CLANG_WARN_OBJC_LITERAL_CONVERSION = YES;
				CLANG_WARN_OBJC_ROOT_CLASS = YES_ERROR;
				CLANG_WARN_QUOTED_INCLUDE_IN_FRAMEWORK_HEADER = YES;
				CLANG_WARN_RANGE_LOOP_ANALYSIS = YES;
				CLANG_WARN_STRICT_PROTOTYPES = YES;
				CLANG_WARN_SUSPICIOUS_MOVE = YES;
				CLANG_WARN_UNGUARDED_AVAILABILITY = YES_AGGRESSIVE;
				CLANG_WARN_UNREACHABLE_CODE = YES;
				CLANG_WARN__DUPLICATE_METHOD_MATCH = YES;
				COPY_PHASE_STRIP = NO;
				DEBUG_INFORMATION_FORMAT = "dwarf-with-dsym";
				ENABLE_NS_ASSERTIONS = NO;
				ENABLE_STRICT_OBJC_MSGSEND = YES;
				GCC_C_LANGUAGE_STANDARD = gnu11;
				GCC_NO_COMMON_BLOCKS = YES;
				GCC_WARN_64_TO_32_BIT_CONVERSION = YES;
				GCC_WARN_ABOUT_RETURN_TYPE = YES_ERROR;
				GCC_WARN_UNDECLARED_SELECTOR = YES;
				GCC_WARN_UNINITIALIZED_AUTOS = YES_AGGRESSIVE;
				GCC_WARN_UNUSED_FUNCTION = YES;
				GCC_WARN_UNUSED_VARIABLE = YES;
				IPHONEOS_DEPLOYMENT_TARGET = 14.1;
				MTL_ENABLE_DEBUG_INFO = NO;
				MTL_FAST_MATH = YES;
				SDKROOT = iphoneos;
				SWIFT_COMPILATION_MODE = wholemodule;
				SWIFT_OPTIMIZATION_LEVEL = "-O";
				VALIDATE_PRODUCT = YES;
			};
			name = Release;
		};
		2A19F1BE254743C600261E04 /* Debug */ = {
			isa = XCBuildConfiguration;
			buildSettings = {
				ASSETCATALOG_COMPILER_APPICON_NAME = AppIcon;
				ASSETCATALOG_COMPILER_GLOBAL_ACCENT_COLOR_NAME = AccentColor;
				CODE_SIGN_STYLE = Automatic;
				DEVELOPMENT_ASSET_PATHS = "\"RouteMapTest/Preview Content\"";
				DEVELOPMENT_TEAM = 2RQ82SNR8Q;
				ENABLE_PREVIEWS = YES;
				INFOPLIST_FILE = RouteMapTest/Info.plist;
				IPHONEOS_DEPLOYMENT_TARGET = 14.0;
				LD_RUNPATH_SEARCH_PATHS = (
					"$(inherited)",
					"@executable_path/Frameworks",
				);
				PRODUCT_BUNDLE_IDENTIFIER = com.gayngler.RouteMapTest;
				PRODUCT_NAME = "$(TARGET_NAME)";
				SWIFT_VERSION = 5.0;
				TARGETED_DEVICE_FAMILY = "1,2";
			};
			name = Debug;
		};
		2A19F1BF254743C600261E04 /* Release */ = {
			isa = XCBuildConfiguration;
			buildSettings = {
				ASSETCATALOG_COMPILER_APPICON_NAME = AppIcon;
				ASSETCATALOG_COMPILER_GLOBAL_ACCENT_COLOR_NAME = AccentColor;
				CODE_SIGN_STYLE = Automatic;
				DEVELOPMENT_ASSET_PATHS = "\"RouteMapTest/Preview Content\"";
				DEVELOPMENT_TEAM = 2RQ82SNR8Q;
				ENABLE_PREVIEWS = YES;
				INFOPLIST_FILE = RouteMapTest/Info.plist;
				IPHONEOS_DEPLOYMENT_TARGET = 14.0;
				LD_RUNPATH_SEARCH_PATHS = (
					"$(inherited)",
					"@executable_path/Frameworks",
				);
				PRODUCT_BUNDLE_IDENTIFIER = com.gayngler.RouteMapTest;
				PRODUCT_NAME = "$(TARGET_NAME)";
				SWIFT_VERSION = 5.0;
				TARGETED_DEVICE_FAMILY = "1,2";
			};
			name = Release;
		};
		2A19F1C1254743C600261E04 /* Debug */ = {
			isa = XCBuildConfiguration;
			buildSettings = {
				ALWAYS_EMBED_SWIFT_STANDARD_LIBRARIES = YES;
				BUNDLE_LOADER = "$(TEST_HOST)";
				CODE_SIGN_STYLE = Automatic;
				DEVELOPMENT_TEAM = 2RQ82SNR8Q;
				INFOPLIST_FILE = RouteMapTestTests/Info.plist;
				IPHONEOS_DEPLOYMENT_TARGET = 14.0;
				LD_RUNPATH_SEARCH_PATHS = (
					"$(inherited)",
					"@executable_path/Frameworks",
					"@loader_path/Frameworks",
				);
				PRODUCT_BUNDLE_IDENTIFIER = com.gayngler.RouteMapTestTests;
				PRODUCT_NAME = "$(TARGET_NAME)";
				SWIFT_VERSION = 5.0;
				TARGETED_DEVICE_FAMILY = "1,2";
				TEST_HOST = "$(BUILT_PRODUCTS_DIR)/RouteMapTest.app/RouteMapTest";
			};
			name = Debug;
		};
		2A19F1C2254743C600261E04 /* Release */ = {
			isa = XCBuildConfiguration;
			buildSettings = {
				ALWAYS_EMBED_SWIFT_STANDARD_LIBRARIES = YES;
				BUNDLE_LOADER = "$(TEST_HOST)";
				CODE_SIGN_STYLE = Automatic;
				DEVELOPMENT_TEAM = 2RQ82SNR8Q;
				INFOPLIST_FILE = RouteMapTestTests/Info.plist;
				IPHONEOS_DEPLOYMENT_TARGET = 14.0;
				LD_RUNPATH_SEARCH_PATHS = (
					"$(inherited)",
					"@executable_path/Frameworks",
					"@loader_path/Frameworks",
				);
				PRODUCT_BUNDLE_IDENTIFIER = com.gayngler.RouteMapTestTests;
				PRODUCT_NAME = "$(TARGET_NAME)";
				SWIFT_VERSION = 5.0;
				TARGETED_DEVICE_FAMILY = "1,2";
				TEST_HOST = "$(BUILT_PRODUCTS_DIR)/RouteMapTest.app/RouteMapTest";
			};
			name = Release;
		};
		2A19F1C4254743C600261E04 /* Debug */ = {
			isa = XCBuildConfiguration;
			buildSettings = {
				ALWAYS_EMBED_SWIFT_STANDARD_LIBRARIES = YES;
				CODE_SIGN_STYLE = Automatic;
				DEVELOPMENT_TEAM = 2RQ82SNR8Q;
				INFOPLIST_FILE = RouteMapTestUITests/Info.plist;
				LD_RUNPATH_SEARCH_PATHS = (
					"$(inherited)",
					"@executable_path/Frameworks",
					"@loader_path/Frameworks",
				);
				PRODUCT_BUNDLE_IDENTIFIER = com.gayngler.RouteMapTestUITests;
				PRODUCT_NAME = "$(TARGET_NAME)";
				SWIFT_VERSION = 5.0;
				TARGETED_DEVICE_FAMILY = "1,2";
				TEST_TARGET_NAME = RouteMapTest;
			};
			name = Debug;
		};
		2A19F1C5254743C600261E04 /* Release */ = {
			isa = XCBuildConfiguration;
			buildSettings = {
				ALWAYS_EMBED_SWIFT_STANDARD_LIBRARIES = YES;
				CODE_SIGN_STYLE = Automatic;
				DEVELOPMENT_TEAM = 2RQ82SNR8Q;
				INFOPLIST_FILE = RouteMapTestUITests/Info.plist;
				LD_RUNPATH_SEARCH_PATHS = (
					"$(inherited)",
					"@executable_path/Frameworks",
					"@loader_path/Frameworks",
				);
				PRODUCT_BUNDLE_IDENTIFIER = com.gayngler.RouteMapTestUITests;
				PRODUCT_NAME = "$(TARGET_NAME)";
				SWIFT_VERSION = 5.0;
				TARGETED_DEVICE_FAMILY = "1,2";
				TEST_TARGET_NAME = RouteMapTest;
			};
			name = Release;
		};
/* End XCBuildConfiguration section */

/* Begin XCConfigurationList section */
		2A19F193254743C400261E04 /* Build configuration list for PBXProject "RouteMapTest" */ = {
			isa = XCConfigurationList;
			buildConfigurations = (
				2A19F1BB254743C600261E04 /* Debug */,
				2A19F1BC254743C600261E04 /* Release */,
			);
			defaultConfigurationIsVisible = 0;
			defaultConfigurationName = Release;
		};
		2A19F1BD254743C600261E04 /* Build configuration list for PBXNativeTarget "RouteMapTest" */ = {
			isa = XCConfigurationList;
			buildConfigurations = (
				2A19F1BE254743C600261E04 /* Debug */,
				2A19F1BF254743C600261E04 /* Release */,
			);
			defaultConfigurationIsVisible = 0;
			defaultConfigurationName = Release;
		};
		2A19F1C0254743C600261E04 /* Build configuration list for PBXNativeTarget "RouteMapTestTests" */ = {
			isa = XCConfigurationList;
			buildConfigurations = (
				2A19F1C1254743C600261E04 /* Debug */,
				2A19F1C2254743C600261E04 /* Release */,
			);
			defaultConfigurationIsVisible = 0;
			defaultConfigurationName = Release;
		};
		2A19F1C3254743C600261E04 /* Build configuration list for PBXNativeTarget "RouteMapTestUITests" */ = {
			isa = XCConfigurationList;
			buildConfigurations = (
				2A19F1C4254743C600261E04 /* Debug */,
				2A19F1C5254743C600261E04 /* Release */,
			);
			defaultConfigurationIsVisible = 0;
			defaultConfigurationName = Release;
		};
/* End XCConfigurationList section */

/* Begin XCRemoteSwiftPackageReference section */
		2A19F1E02547492600261E04 /* XCRemoteSwiftPackageReference "SwiftyJSON" */ = {
			isa = XCRemoteSwiftPackageReference;
			repositoryURL = "https://github.com/SwiftyJSON/SwiftyJSON";
			requirement = {
				kind = upToNextMajorVersion;
				minimumVersion = 5.0.0;
			};
		};
/* End XCRemoteSwiftPackageReference section */

/* Begin XCSwiftPackageProductDependency section */
		2A19F1E12547492600261E04 /* SwiftyJSON */ = {
			isa = XCSwiftPackageProductDependency;
			package = 2A19F1E02547492600261E04 /* XCRemoteSwiftPackageReference "SwiftyJSON" */;
			productName = SwiftyJSON;
		};
/* End XCSwiftPackageProductDependency section */
	};
	rootObject = 2A19F190254743C400261E04 /* Project object */;
}
